
Microsoft Visual Studio Solution File, Format Version 12.00
# Visual Studio Version 16
VisualStudioVersion = 16.0.29409.12
MinimumVisualStudioVersion = 10.0.40219.1
Project("{FAE04EC0-301F-11D3-BF4B-00C04F79EFBC}") = "MxMIp", "MxMIp\MxMIp.csproj", "{F333432A-A156-4D79-B886-9EC9CAB96D9F}"
EndProject
Global
	GlobalSection(SolutionConfigurationPlatforms) = preSolution
		Debug|Any CPU = Debug|Any CPU
		Release|Any CPU = Release|Any CPU
	EndGlobalSection
	GlobalSection(ProjectConfigurationPlatforms) = postSolution
		{F333432A-A156-4D79-B886-9EC9CAB96D9F}.Debug|Any CPU.ActiveCfg = Debug|Any CPU
		{F333432A-A156-4D79-B886-9EC9CAB96D9F}.Debug|Any CPU.Build.0 = Debug|Any CPU
		{F333432A-A156-4D79-B886-9EC9CAB96D9F}.Release|Any CPU.ActiveCfg = Release|Any CPU
		{F333432A-A156-4D79-B886-9EC9CAB96D9F}.Release|Any CPU.Build.0 = Release|Any CPU
	EndGlobalSection
	GlobalSection(SolutionProperties) = preSolution
		HideSolutionNode = FALSE
	EndGlobalSection
	GlobalSection(ExtensibilityGlobals) = postSolution
		SolutionGuid = {8AB59D1A-99AE-46AE-A393-E40FCE3A3EBA}
	EndGlobalSection
EndGlobal
